# This file was autogenerated by Stack.
# You should not edit this file by hand.
# For more information, please see the documentation at:
#   https://docs.haskellstack.org/en/stable/lock_files

packages:
- completed:
    hackage: Cabal-3.2.0.0@sha256:d0d7a1f405f25d0000f5ddef684838bc264842304fd4e7f80ca92b997b710874,27320
    pantry-tree:
      size: 40963
      sha256: b122f2d76dc82a350d3986fa0cbc4ecf9c3bb4f9c598ccbfb3b2bfdde02f3698
  original:
    hackage: Cabal-3.2.0.0@sha256:d0d7a1f405f25d0000f5ddef684838bc264842304fd4e7f80ca92b997b710874,27320
- completed:
    hackage: Yampa-0.13.1@sha256:4612a2646c27bcd3ac55c90dbc34249303e28aa5b3bc3e0c6fa9ce58b889843c,5436
    pantry-tree:
      size: 4039
      sha256: 2ebdfafc0143a66132e1f790fc3909c93654ee89fbe468574c5c2a36070dc6b3
  original:
    hackage: Yampa-0.13.1@sha256:4612a2646c27bcd3ac55c90dbc34249303e28aa5b3bc3e0c6fa9ce58b889843c,5436
- completed:
    hackage: simple-affine-space-0.1@sha256:09e582f2e12ce9feb251cbdacec57fa1f4a838ec63928026d98b758e89f9abd7,1931
    pantry-tree:
      size: 696
      sha256: 08850098daa8939b543a3593f57d0814488eb612f807da769762495cac577089
  original:
    hackage: simple-affine-space-0.1@sha256:09e582f2e12ce9feb251cbdacec57fa1f4a838ec63928026d98b758e89f9abd7,1931
snapshots:
- completed:
    size: 524996
    url: https://raw.githubusercontent.com/commercialhaskell/stackage-snapshots/master/lts/14/27.yaml
    sha256: 7ea31a280c56bf36ff591a7397cc384d0dff622e7f9e4225b47d8980f019a0f0
  original: lts-14.27
